
Microsoft Visual Studio Solution File, Format Version 12.00
# Visual Studio Version 17
VisualStudioVersion = 17.0.31314.256
MinimumVisualStudioVersion = 10.0.40219.1
Project("{2150E333-8FDC-42A3-9474-1A3956D46DE8}") = "Automation", "Automation", "{0BFBE63A-B98A-3411-8EEB-8918FEC737B3}"
EndProject
Project("{2150E333-8FDC-42A3-9474-1A3956D46DE8}") = "Engine", "Engine", "{233774A8-CC9D-3FA9-86D1-90573E92B704}"
EndProject
Project("{2150E333-8FDC-42A3-9474-1A3956D46DE8}") = "Games", "Games", "{DE1F8B53-6C02-3C13-9101-A7C8D96F3FF6}"
EndProject
Project("{2150E333-8FDC-42A3-9474-1A3956D46DE8}") = "Programs", "Programs", "{A338B9E2-A559-34BE-A46D-F789DD488FAD}"
EndProject
Project("{2150E333-8FDC-42A3-9474-1A3956D46DE8}") = "Rules", "Rules", "{C2F57ECE-B26F-39D8-BDA7-C1D40BD8F180}"
EndProject
Project("{2150E333-8FDC-42A3-9474-1A3956D46DE8}") = "Shared", "Shared", "{57713676-9DBE-331C-AD10-26632AC9EE0C}"
EndProject
Project("{2150E333-8FDC-42A3-9474-1A3956D46DE8}") = "UnrealBuildTool.Plugins", "UnrealBuildTool.Plugins", "{7B5CFB44-F0FB-31DF-AE62-C3C096A29A7B}"
EndProject
Project("{8BC9CEB8-8B4A-11D0-8D11-00A0C91BC942}") = "XFireDemo", "Intermediate\ProjectFiles\XFireDemo.vcxproj", "{41149A93-AD8F-49F1-8267-60A131E857A1}"
	ProjectSection(ProjectDependencies) = postProject
		{D9899164-8E3A-328F-9E35-627A3797EAC7} = {D9899164-8E3A-328F-9E35-627A3797EAC7}
	EndProjectSection
EndProject
Project("{8BC9CEB8-8B4A-11D0-8D11-00A0C91BC942}") = "UE5", "Intermediate\ProjectFiles\UE5.vcxproj", "{0FD59804-4DA6-3F9C-9B94-9AC6C77F8B3B}"
EndProject
Project("{FAE04EC0-301F-11D3-BF4B-00C04F79EFBC}") = "UnrealBuildTool", "..\..\UnrealEngine\UE_5.3\Engine\Source\Programs\UnrealBuildTool\UnrealBuildTool.csproj", "{D9899164-8E3A-328F-9E35-627A3797EAC7}"
EndProject
Project("{FAE04EC0-301F-11D3-BF4B-00C04F79EFBC}") = "AutomationTool", "..\..\UnrealEngine\UE_5.3\Engine\Source\Programs\AutomationTool\AutomationTool.csproj", "{511AF356-3FB5-3A6F-923F-F135C94B4377}"
EndProject
Project("{FAE04EC0-301F-11D3-BF4B-00C04F79EFBC}") = "Android.Automation", "..\..\UnrealEngine\UE_5.3\Engine\Source\Programs\AutomationTool\Android\Android.Automation.csproj", "{D9365213-CB5D-3EF6-9E24-4FE9714B1E9C}"
EndProject
Project("{FAE04EC0-301F-11D3-BF4B-00C04F79EFBC}") = "Apple.Automation", "..\..\UnrealEngine\UE_5.3\Engine\Source\Programs\AutomationTool\Apple\Apple.Automation.csproj", "{9226744C-1BC1-30CD-88FB-3E3F4D244184}"
EndProject
Project("{FAE04EC0-301F-11D3-BF4B-00C04F79EFBC}") = "AutomationUtils.Automation", "..\..\UnrealEngine\UE_5.3\Engine\Source\Programs\AutomationTool\AutomationUtils\AutomationUtils.Automation.csproj", "{6E03C996-F862-3E1C-9939-8E687286E9F1}"
EndProject
Project("{FAE04EC0-301F-11D3-BF4B-00C04F79EFBC}") = "BuildGraph.Automation", "..\..\UnrealEngine\UE_5.3\Engine\Source\Programs\AutomationTool\BuildGraph\BuildGraph.Automation.csproj", "{A22C509C-C47A-320F-B035-30126A058767}"
EndProject
Project("{FAE04EC0-301F-11D3-BF4B-00C04F79EFBC}") = "CookedEditor.Automation", "..\..\UnrealEngine\UE_5.3\Engine\Source\Programs\AutomationTool\CookedEditor\CookedEditor.Automation.csproj", "{8DDE1AC4-D2DE-3C31-80B3-AEB02B9D1697}"
EndProject
Project("{FAE04EC0-301F-11D3-BF4B-00C04F79EFBC}") = "CrowdinLocalization.Automation", "..\..\UnrealEngine\UE_5.3\Engine\Source\Programs\AutomationTool\CrowdinLocalization\CrowdinLocalization.Automation.csproj", "{97490D21-E884-3B49-AB96-2AD9B9816EE0}"
EndProject
Project("{FAE04EC0-301F-11D3-BF4B-00C04F79EFBC}") = "Gauntlet.Automation", "..\..\UnrealEngine\UE_5.3\Engine\Source\Programs\AutomationTool\Gauntlet\Gauntlet.Automation.csproj", "{DBCCE75D-885F-3EC4-BD20-2F9F0BFE3ECB}"
EndProject
Project("{FAE04EC0-301F-11D3-BF4B-00C04F79EFBC}") = "IOS.Automation", "..\..\UnrealEngine\UE_5.3\Engine\Source\Programs\AutomationTool\IOS\IOS.Automation.csproj", "{1C753C25-150A-3EBD-B9F4-ACCD2D614E44}"
EndProject
Project("{FAE04EC0-301F-11D3-BF4B-00C04F79EFBC}") = "Linux.Automation", "..\..\UnrealEngine\UE_5.3\Engine\Source\Programs\AutomationTool\Linux\Linux.Automation.csproj", "{2001CFFB-1F65-313D-81AC-0D4C1BAE6996}"
EndProject
Project("{FAE04EC0-301F-11D3-BF4B-00C04F79EFBC}") = "Localization.Automation", "..\..\UnrealEngine\UE_5.3\Engine\Source\Programs\AutomationTool\Localization\Localization.Automation.csproj", "{D8A5A0FE-A7D4-3DB6-925A-3EF2F9F57511}"
EndProject
Project("{FAE04EC0-301F-11D3-BF4B-00C04F79EFBC}") = "LowLevelTests.Automation", "..\..\UnrealEngine\UE_5.3\Engine\Source\Programs\AutomationTool\LowLevelTests\LowLevelTests.Automation.csproj", "{1C491EFA-3F2F-301C-B360-E22962ED1B69}"
EndProject
Project("{FAE04EC0-301F-11D3-BF4B-00C04F79EFBC}") = "Mac.Automation", "..\..\UnrealEngine\UE_5.3\Engine\Source\Programs\AutomationTool\Mac\Mac.Automation.csproj", "{FFA8A5BE-69E6-34B0-96B7-E8A448D71B5F}"
EndProject
Project("{FAE04EC0-301F-11D3-BF4B-00C04F79EFBC}") = "OneSkyLocalization.Automation", "..\..\UnrealEngine\UE_5.3\Engine\Source\Programs\AutomationTool\OneSkyLocalization\OneSkyLocalization.Automation.csproj", "{04C4B9DD-63FE-3257-8789-F2315E50CE95}"
EndProject
Project("{FAE04EC0-301F-11D3-BF4B-00C04F79EFBC}") = "AutomationScripts.Automation", "..\..\UnrealEngine\UE_5.3\Engine\Source\Programs\AutomationTool\Scripts\AutomationScripts.Automation.csproj", "{E81782BA-37C3-3178-8C97-0A23E0B9EB29}"
EndProject
Project("{FAE04EC0-301F-11D3-BF4B-00C04F79EFBC}") = "SmartlingLocalization.Automation", "..\..\UnrealEngine\UE_5.3\Engine\Source\Programs\AutomationTool\SmartlingLocalization\SmartlingLocalization.Automation.csproj", "{2EE7A450-C5CC-34E0-883B-564D11B9A22E}"
EndProject
Project("{FAE04EC0-301F-11D3-BF4B-00C04F79EFBC}") = "SteamDeck.Automation", "..\..\UnrealEngine\UE_5.3\Engine\Source\Programs\AutomationTool\SteamDeck\SteamDeck.Automation.csproj", "{407988EC-E037-3C78-BC96-CC311E9A6B36}"
EndProject
Project("{FAE04EC0-301F-11D3-BF4B-00C04F79EFBC}") = "TVOS.Automation", "..\..\UnrealEngine\UE_5.3\Engine\Source\Programs\AutomationTool\TVOS\TVOS.Automation.csproj", "{5A247C5E-9640-3E9F-86AD-81A116D16478}"
EndProject
Project("{FAE04EC0-301F-11D3-BF4B-00C04F79EFBC}") = "Turnkey.Automation", "..\..\UnrealEngine\UE_5.3\Engine\Source\Programs\AutomationTool\Turnkey\Turnkey.Automation.csproj", "{D06E9674-EA76-3427-BE41-E6A04205633A}"
EndProject
Project("{FAE04EC0-301F-11D3-BF4B-00C04F79EFBC}") = "Win.Automation", "..\..\UnrealEngine\UE_5.3\Engine\Source\Programs\AutomationTool\Win\Win.Automation.csproj", "{95521C5A-3B8D-3042-961E-30AE30DD1F84}"
EndProject
Project("{FAE04EC0-301F-11D3-BF4B-00C04F79EFBC}") = "XLocLocalization.Automation", "..\..\UnrealEngine\UE_5.3\Engine\Source\Programs\AutomationTool\XLocLocalization\XLocLocalization.Automation.csproj", "{971F175F-E745-3B51-994E-9851BC182C7E}"
EndProject
Project("{FAE04EC0-301F-11D3-BF4B-00C04F79EFBC}") = "ScriptGeneratorUbtPlugin.ubtplugin", "..\..\UnrealEngine\UE_5.3\Engine\Plugins\ScriptPlugin\Source\ScriptGeneratorUbtPlugin\ScriptGeneratorUbtPlugin.ubtplugin.csproj", "{3E08553D-F4F7-34DA-A0FD-8972B82068E4}"
EndProject
Project("{FAE04EC0-301F-11D3-BF4B-00C04F79EFBC}") = "EpicGames.AspNet", "..\..\UnrealEngine\UE_5.3\Engine\Source\Programs\Shared\EpicGames.AspNet\EpicGames.AspNet.csproj", "{985D9E83-17DC-3FDA-8E3D-67683E5F6E36}"
EndProject
Project("{FAE04EC0-301F-11D3-BF4B-00C04F79EFBC}") = "EpicGames.Box", "..\..\UnrealEngine\UE_5.3\Engine\Source\Programs\Shared\EpicGames.Box\EpicGames.Box.csproj", "{4F041DA9-9D14-3D12-9ADD-5C99D5FE8A05}"
EndProject
Project("{FAE04EC0-301F-11D3-BF4B-00C04F79EFBC}") = "EpicGames.Build", "..\..\UnrealEngine\UE_5.3\Engine\Source\Programs\Shared\EpicGames.Build\EpicGames.Build.csproj", "{94C1EB6D-840A-3FE0-A5B5-7B108390C3C3}"
EndProject
Project("{FAE04EC0-301F-11D3-BF4B-00C04F79EFBC}") = "EpicGames.BuildGraph", "..\..\UnrealEngine\UE_5.3\Engine\Source\Programs\Shared\EpicGames.BuildGraph\EpicGames.BuildGraph.csproj", "{727CB0E5-A7FC-3868-A953-D37F80AC34CF}"
EndProject
Project("{FAE04EC0-301F-11D3-BF4B-00C04F79EFBC}") = "EpicGames.Core", "..\..\UnrealEngine\UE_5.3\Engine\Source\Programs\Shared\EpicGames.Core\EpicGames.Core.csproj", "{3CE53F1D-8DF9-3EC0-8205-B88DE90A5B72}"
EndProject
Project("{FAE04EC0-301F-11D3-BF4B-00C04F79EFBC}") = "EpicGames.Horde", "..\..\UnrealEngine\UE_5.3\Engine\Source\Programs\Shared\EpicGames.Horde\EpicGames.Horde.csproj", "{4761AEAD-8E19-30EE-B03D-7D144A2F8EB5}"
EndProject
Project("{FAE04EC0-301F-11D3-BF4B-00C04F79EFBC}") = "EpicGames.IoHash", "..\..\UnrealEngine\UE_5.3\Engine\Source\Programs\Shared\EpicGames.IoHash\EpicGames.IoHash.csproj", "{EF7422DA-804E-3786-92B1-26C08AE20253}"
EndProject
Project("{FAE04EC0-301F-11D3-BF4B-00C04F79EFBC}") = "EpicGames.Jupiter", "..\..\UnrealEngine\UE_5.3\Engine\Source\Programs\Shared\EpicGames.Jupiter\EpicGames.Jupiter.csproj", "{E4C9409E-36F4-3776-B16F-3CEBD6E6BDC7}"
EndProject
Project("{FAE04EC0-301F-11D3-BF4B-00C04F79EFBC}") = "EpicGames.MongoDB", "..\..\UnrealEngine\UE_5.3\Engine\Source\Programs\Shared\EpicGames.MongoDB\EpicGames.MongoDB.csproj", "{4A88A1A7-1969-3201-8EFE-B283E09D4F96}"
EndProject
Project("{FAE04EC0-301F-11D3-BF4B-00C04F79EFBC}") = "EpicGames.MsBuild", "..\..\UnrealEngine\UE_5.3\Engine\Source\Programs\Shared\EpicGames.MsBuild\EpicGames.MsBuild.csproj", "{668F99A2-A3EF-3EDB-891E-29F170785C8B}"
EndProject
Project("{FAE04EC0-301F-11D3-BF4B-00C04F79EFBC}") = "EpicGames.OIDC", "..\..\UnrealEngine\UE_5.3\Engine\Source\Programs\Shared\EpicGames.OIDC\EpicGames.OIDC.csproj", "{2068D0A5-B4BC-3999-9D55-327FC4858032}"
EndProject
Project("{FAE04EC0-301F-11D3-BF4B-00C04F79EFBC}") = "EpicGames.Oodle", "..\..\UnrealEngine\UE_5.3\Engine\Source\Programs\Shared\EpicGames.Oodle\EpicGames.Oodle.csproj", "{2FE2262B-6163-3A5A-88B4-37546B444CBD}"
EndProject
Project("{FAE04EC0-301F-11D3-BF4B-00C04F79EFBC}") = "EpicGames.Perforce", "..\..\UnrealEngine\UE_5.3\Engine\Source\Programs\Shared\EpicGames.Perforce\EpicGames.Perforce.csproj", "{D9B65A58-9C9A-391B-A1FD-B1559101F329}"
EndProject
Project("{FAE04EC0-301F-11D3-BF4B-00C04F79EFBC}") = "EpicGames.Perforce.Fixture", "..\..\UnrealEngine\UE_5.3\Engine\Source\Programs\Shared\EpicGames.Perforce.Fixture\EpicGames.Perforce.Fixture.csproj", "{1CE2FB9B-589A-3ABB-9D7A-43331E7FF4F6}"
EndProject
Project("{FAE04EC0-301F-11D3-BF4B-00C04F79EFBC}") = "EpicGames.Perforce.Managed", "..\..\UnrealEngine\UE_5.3\Engine\Source\Programs\Shared\EpicGames.Perforce.Managed\EpicGames.Perforce.Managed.csproj", "{52C3A50B-1712-358E-83FC-E30F1AE552E2}"
EndProject
Project("{FAE04EC0-301F-11D3-BF4B-00C04F79EFBC}") = "EpicGames.Redis", "..\..\UnrealEngine\UE_5.3\Engine\Source\Programs\Shared\EpicGames.Redis\EpicGames.Redis.csproj", "{BD21DE96-9132-3743-8A62-B08EE77B8D5C}"
EndProject
Project("{FAE04EC0-301F-11D3-BF4B-00C04F79EFBC}") = "EpicGames.Serialization", "..\..\UnrealEngine\UE_5.3\Engine\Source\Programs\Shared\EpicGames.Serialization\EpicGames.Serialization.csproj", "{8EA8C55A-60D2-3808-A52A-700D5B733725}"
EndProject
Project("{FAE04EC0-301F-11D3-BF4B-00C04F79EFBC}") = "EpicGames.Slack", "..\..\UnrealEngine\UE_5.3\Engine\Source\Programs\Shared\EpicGames.Slack\EpicGames.Slack.csproj", "{A4C8576F-B96F-38E0-B01E-110EECE4858E}"
EndProject
Project("{FAE04EC0-301F-11D3-BF4B-00C04F79EFBC}") = "EpicGames.Tracing", "..\..\UnrealEngine\UE_5.3\Engine\Source\Programs\Shared\EpicGames.Tracing\EpicGames.Tracing.csproj", "{41E04C85-6C68-36AB-A770-6C429DC98CAA}"
EndProject
Project("{FAE04EC0-301F-11D3-BF4B-00C04F79EFBC}") = "EpicGames.UHT", "..\..\UnrealEngine\UE_5.3\Engine\Source\Programs\Shared\EpicGames.UHT\EpicGames.UHT.csproj", "{5414AE74-C611-3C94-A6A6-22DACBB66CA6}"
EndProject
Project("{FAE04EC0-301F-11D3-BF4B-00C04F79EFBC}") = "XFireDemoModuleRules", "Intermediate\Build\BuildRulesProjects\XFireDemoModuleRules\XFireDemoModuleRules.csproj", "{53B79E37-AA9F-3E6B-9F03-6F37CB692C6D}"
EndProject
Project("{FAE04EC0-301F-11D3-BF4B-00C04F79EFBC}") = "UE5ProgramRules", "..\..\UnrealEngine\UE_5.3\Engine\Intermediate\Build\BuildRulesProjects\UE5ProgramRules\UE5ProgramRules.csproj", "{8D2F74AD-EA9C-3DA5-BE59-11AC7E13BCC7}"
EndProject
Project("{FAE04EC0-301F-11D3-BF4B-00C04F79EFBC}") = "UE5Rules", "..\..\UnrealEngine\UE_5.3\Engine\Intermediate\Build\BuildRulesProjects\UE5Rules\UE5Rules.csproj", "{EA12ACBE-5E84-3FBF-A332-379451A7D566}"
EndProject
Project("{2150E333-8FDC-42A3-9474-1A3956D46DE8}") = "Visualizers", "Visualizers", "{1CCEC849-CC72-4C59-8C36-2F7C38706D4C}"
	ProjectSection(SolutionItems) = preProject
		..\..\UnrealEngine\UE_5.3\Engine\Extras\VisualStudioDebugging\Unreal.natvis = ..\..\UnrealEngine\UE_5.3\Engine\Extras\VisualStudioDebugging\Unreal.natvis
		..\..\UnrealEngine\UE_5.3\Engine\Extras\VisualStudioDebugging\Unreal.natstepfilter = ..\..\UnrealEngine\UE_5.3\Engine\Extras\VisualStudioDebugging\Unreal.natstepfilter
	EndProjectSection
EndProject
Global
	GlobalSection(SolutionConfigurationPlatforms) = preSolution
		DebugGame Editor|Win64 = DebugGame Editor|Win64
		DebugGame|Win64 = DebugGame|Win64
		Development Editor|Win64 = Development Editor|Win64
		Development|Win64 = Development|Win64
		Shipping|Win64 = Shipping|Win64
	EndGlobalSection
	# UnrealVS Section
	GlobalSection(ddbf523f-7eb6-4887-bd51-85a714ff87eb) = preSolution
		AvailablePlatforms=Win64
	EndGlobalSection
	GlobalSection(ProjectConfigurationPlatforms) = postSolution
		{41149A93-AD8F-49F1-8267-60A131E857A1}.DebugGame Editor|Win64.ActiveCfg = DebugGame_Editor|x64
		{41149A93-AD8F-49F1-8267-60A131E857A1}.DebugGame Editor|Win64.Build.0 = DebugGame_Editor|x64
		{41149A93-AD8F-49F1-8267-60A131E857A1}.DebugGame|Win64.ActiveCfg = DebugGame|x64
		{41149A93-AD8F-49F1-8267-60A131E857A1}.DebugGame|Win64.Build.0 = DebugGame|x64
		{41149A93-AD8F-49F1-8267-60A131E857A1}.Development Editor|Win64.ActiveCfg = Development_Editor|x64
		{41149A93-AD8F-49F1-8267-60A131E857A1}.Development Editor|Win64.Build.0 = Development_Editor|x64
		{41149A93-AD8F-49F1-8267-60A131E857A1}.Development|Win64.ActiveCfg = Development|x64
		{41149A93-AD8F-49F1-8267-60A131E857A1}.Development|Win64.Build.0 = Development|x64
		{41149A93-AD8F-49F1-8267-60A131E857A1}.Shipping|Win64.ActiveCfg = Shipping|x64
		{41149A93-AD8F-49F1-8267-60A131E857A1}.Shipping|Win64.Build.0 = Shipping|x64
		{0FD59804-4DA6-3F9C-9B94-9AC6C77F8B3B}.DebugGame Editor|Win64.ActiveCfg = BuiltWithUnrealBuildTool|Win64
		{0FD59804-4DA6-3F9C-9B94-9AC6C77F8B3B}.DebugGame|Win64.ActiveCfg = BuiltWithUnrealBuildTool|Win64
		{0FD59804-4DA6-3F9C-9B94-9AC6C77F8B3B}.Development Editor|Win64.ActiveCfg = BuiltWithUnrealBuildTool|Win64
		{0FD59804-4DA6-3F9C-9B94-9AC6C77F8B3B}.Development|Win64.ActiveCfg = BuiltWithUnrealBuildTool|Win64
		{0FD59804-4DA6-3F9C-9B94-9AC6C77F8B3B}.Shipping|Win64.ActiveCfg = BuiltWithUnrealBuildTool|Win64
		{D9899164-8E3A-328F-9E35-627A3797EAC7}.DebugGame Editor|Win64.ActiveCfg = Development|Any CPU
		{D9899164-8E3A-328F-9E35-627A3797EAC7}.DebugGame Editor|Win64.Build.0 = Development|Any CPU
		{D9899164-8E3A-328F-9E35-627A3797EAC7}.DebugGame|Win64.ActiveCfg = Development|Any CPU
		{D9899164-8E3A-328F-9E35-627A3797EAC7}.DebugGame|Win64.Build.0 = Development|Any CPU
		{D9899164-8E3A-328F-9E35-627A3797EAC7}.Development Editor|Win64.ActiveCfg = Development|Any CPU
		{D9899164-8E3A-328F-9E35-627A3797EAC7}.Development Editor|Win64.Build.0 = Development|Any CPU
		{D9899164-8E3A-328F-9E35-627A3797EAC7}.Development|Win64.ActiveCfg = Development|Any CPU
		{D9899164-8E3A-328F-9E35-627A3797EAC7}.Development|Win64.Build.0 = Development|Any CPU
		{D9899164-8E3A-328F-9E35-627A3797EAC7}.Shipping|Win64.ActiveCfg = Development|Any CPU
		{D9899164-8E3A-328F-9E35-627A3797EAC7}.Shipping|Win64.Build.0 = Development|Any CPU
		{511AF356-3FB5-3A6F-923F-F135C94B4377}.DebugGame Editor|Win64.ActiveCfg = Development|Any CPU
		{511AF356-3FB5-3A6F-923F-F135C94B4377}.DebugGame Editor|Win64.Build.0 = Development|Any CPU
		{511AF356-3FB5-3A6F-923F-F135C94B4377}.DebugGame|Win64.ActiveCfg = Development|Any CPU
		{511AF356-3FB5-3A6F-923F-F135C94B4377}.DebugGame|Win64.Build.0 = Development|Any CPU
		{511AF356-3FB5-3A6F-923F-F135C94B4377}.Development Editor|Win64.ActiveCfg = Development|Any CPU
		{511AF356-3FB5-3A6F-923F-F135C94B4377}.Development Editor|Win64.Build.0 = Development|Any CPU
		{511AF356-3FB5-3A6F-923F-F135C94B4377}.Development|Win64.ActiveCfg = Development|Any CPU
		{511AF356-3FB5-3A6F-923F-F135C94B4377}.Development|Win64.Build.0 = Development|Any CPU
		{511AF356-3FB5-3A6F-923F-F135C94B4377}.Shipping|Win64.ActiveCfg = Development|Any CPU
		{511AF356-3FB5-3A6F-923F-F135C94B4377}.Shipping|Win64.Build.0 = Development|Any CPU
		{D9365213-CB5D-3EF6-9E24-4FE9714B1E9C}.DebugGame Editor|Win64.ActiveCfg = Development|Any CPU
		{D9365213-CB5D-3EF6-9E24-4FE9714B1E9C}.DebugGame Editor|Win64.Build.0 = Development|Any CPU
		{D9365213-CB5D-3EF6-9E24-4FE9714B1E9C}.DebugGame|Win64.ActiveCfg = Development|Any CPU
		{D9365213-CB5D-3EF6-9E24-4FE9714B1E9C}.DebugGame|Win64.Build.0 = Development|Any CPU
		{D9365213-CB5D-3EF6-9E24-4FE9714B1E9C}.Development Editor|Win64.ActiveCfg = Development|Any CPU
		{D9365213-CB5D-3EF6-9E24-4FE9714B1E9C}.Development Editor|Win64.Build.0 = Development|Any CPU
		{D9365213-CB5D-3EF6-9E24-4FE9714B1E9C}.Development|Win64.ActiveCfg = Development|Any CPU
		{D9365213-CB5D-3EF6-9E24-4FE9714B1E9C}.Development|Win64.Build.0 = Development|Any CPU
		{D9365213-CB5D-3EF6-9E24-4FE9714B1E9C}.Shipping|Win64.ActiveCfg = Development|Any CPU
		{D9365213-CB5D-3EF6-9E24-4FE9714B1E9C}.Shipping|Win64.Build.0 = Development|Any CPU
		{9226744C-1BC1-30CD-88FB-3E3F4D244184}.DebugGame Editor|Win64.ActiveCfg = Development|Any CPU
		{9226744C-1BC1-30CD-88FB-3E3F4D244184}.DebugGame Editor|Win64.Build.0 = Development|Any CPU
		{9226744C-1BC1-30CD-88FB-3E3F4D244184}.DebugGame|Win64.ActiveCfg = Development|Any CPU
		{9226744C-1BC1-30CD-88FB-3E3F4D244184}.DebugGame|Win64.Build.0 = Development|Any CPU
		{9226744C-1BC1-30CD-88FB-3E3F4D244184}.Development Editor|Win64.ActiveCfg = Development|Any CPU
		{9226744C-1BC1-30CD-88FB-3E3F4D244184}.Development Editor|Win64.Build.0 = Development|Any CPU
		{9226744C-1BC1-30CD-88FB-3E3F4D244184}.Development|Win64.ActiveCfg = Development|Any CPU
		{9226744C-1BC1-30CD-88FB-3E3F4D244184}.Development|Win64.Build.0 = Development|Any CPU
		{9226744C-1BC1-30CD-88FB-3E3F4D244184}.Shipping|Win64.ActiveCfg = Development|Any CPU
		{9226744C-1BC1-30CD-88FB-3E3F4D244184}.Shipping|Win64.Build.0 = Development|Any CPU
		{6E03C996-F862-3E1C-9939-8E687286E9F1}.DebugGame Editor|Win64.ActiveCfg = Development|Any CPU
		{6E03C996-F862-3E1C-9939-8E687286E9F1}.DebugGame Editor|Win64.Build.0 = Development|Any CPU
		{6E03C996-F862-3E1C-9939-8E687286E9F1}.DebugGame|Win64.ActiveCfg = Development|Any CPU
		{6E03C996-F862-3E1C-9939-8E687286E9F1}.DebugGame|Win64.Build.0 = Development|Any CPU
		{6E03C996-F862-3E1C-9939-8E687286E9F1}.Development Editor|Win64.ActiveCfg = Development|Any CPU
		{6E03C996-F862-3E1C-9939-8E687286E9F1}.Development Editor|Win64.Build.0 = Development|Any CPU
		{6E03C996-F862-3E1C-9939-8E687286E9F1}.Development|Win64.ActiveCfg = Development|Any CPU
		{6E03C996-F862-3E1C-9939-8E687286E9F1}.Development|Win64.Build.0 = Development|Any CPU
		{6E03C996-F862-3E1C-9939-8E687286E9F1}.Shipping|Win64.ActiveCfg = Development|Any CPU
		{6E03C996-F862-3E1C-9939-8E687286E9F1}.Shipping|Win64.Build.0 = Development|Any CPU
		{A22C509C-C47A-320F-B035-30126A058767}.DebugGame Editor|Win64.ActiveCfg = Development|Any CPU
		{A22C509C-C47A-320F-B035-30126A058767}.DebugGame Editor|Win64.Build.0 = Development|Any CPU
		{A22C509C-C47A-320F-B035-30126A058767}.DebugGame|Win64.ActiveCfg = Development|Any CPU
		{A22C509C-C47A-320F-B035-30126A058767}.DebugGame|Win64.Build.0 = Development|Any CPU
		{A22C509C-C47A-320F-B035-30126A058767}.Development Editor|Win64.ActiveCfg = Development|Any CPU
		{A22C509C-C47A-320F-B035-30126A058767}.Development Editor|Win64.Build.0 = Development|Any CPU
		{A22C509C-C47A-320F-B035-30126A058767}.Development|Win64.ActiveCfg = Development|Any CPU
		{A22C509C-C47A-320F-B035-30126A058767}.Development|Win64.Build.0 = Development|Any CPU
		{A22C509C-C47A-320F-B035-30126A058767}.Shipping|Win64.ActiveCfg = Development|Any CPU
		{A22C509C-C47A-320F-B035-30126A058767}.Shipping|Win64.Build.0 = Development|Any CPU
		{8DDE1AC4-D2DE-3C31-80B3-AEB02B9D1697}.DebugGame Editor|Win64.ActiveCfg = Development|Any CPU
		{8DDE1AC4-D2DE-3C31-80B3-AEB02B9D1697}.DebugGame Editor|Win64.Build.0 = Development|Any CPU
		{8DDE1AC4-D2DE-3C31-80B3-AEB02B9D1697}.DebugGame|Win64.ActiveCfg = Development|Any CPU
		{8DDE1AC4-D2DE-3C31-80B3-AEB02B9D1697}.DebugGame|Win64.Build.0 = Development|Any CPU
		{8DDE1AC4-D2DE-3C31-80B3-AEB02B9D1697}.Development Editor|Win64.ActiveCfg = Development|Any CPU
		{8DDE1AC4-D2DE-3C31-80B3-AEB02B9D1697}.Development Editor|Win64.Build.0 = Development|Any CPU
		{8DDE1AC4-D2DE-3C31-80B3-AEB02B9D1697}.Development|Win64.ActiveCfg = Development|Any CPU
		{8DDE1AC4-D2DE-3C31-80B3-AEB02B9D1697}.Development|Win64.Build.0 = Development|Any CPU
		{8DDE1AC4-D2DE-3C31-80B3-AEB02B9D1697}.Shipping|Win64.ActiveCfg = Development|Any CPU
		{8DDE1AC4-D2DE-3C31-80B3-AEB02B9D1697}.Shipping|Win64.Build.0 = Development|Any CPU
		{97490D21-E884-3B49-AB96-2AD9B9816EE0}.DebugGame Editor|Win64.ActiveCfg = Development|Any CPU
		{97490D21-E884-3B49-AB96-2AD9B9816EE0}.DebugGame Editor|Win64.Build.0 = Development|Any CPU
		{97490D21-E884-3B49-AB96-2AD9B9816EE0}.DebugGame|Win64.ActiveCfg = Development|Any CPU
		{97490D21-E884-3B49-AB96-2AD9B9816EE0}.DebugGame|Win64.Build.0 = Development|Any CPU
		{97490D21-E884-3B49-AB96-2AD9B9816EE0}.Development Editor|Win64.ActiveCfg = Development|Any CPU
		{97490D21-E884-3B49-AB96-2AD9B9816EE0}.Development Editor|Win64.Build.0 = Development|Any CPU
		{97490D21-E884-3B49-AB96-2AD9B9816EE0}.Development|Win64.ActiveCfg = Development|Any CPU
		{97490D21-E884-3B49-AB96-2AD9B9816EE0}.Development|Win64.Build.0 = Development|Any CPU
		{97490D21-E884-3B49-AB96-2AD9B9816EE0}.Shipping|Win64.ActiveCfg = Development|Any CPU
		{97490D21-E884-3B49-AB96-2AD9B9816EE0}.Shipping|Win64.Build.0 = Development|Any CPU
		{DBCCE75D-885F-3EC4-BD20-2F9F0BFE3ECB}.DebugGame Editor|Win64.ActiveCfg = Development|Any CPU
		{DBCCE75D-885F-3EC4-BD20-2F9F0BFE3ECB}.DebugGame Editor|Win64.Build.0 = Development|Any CPU
		{DBCCE75D-885F-3EC4-BD20-2F9F0BFE3ECB}.DebugGame|Win64.ActiveCfg = Development|Any CPU
		{DBCCE75D-885F-3EC4-BD20-2F9F0BFE3ECB}.DebugGame|Win64.Build.0 = Development|Any CPU
		{DBCCE75D-885F-3EC4-BD20-2F9F0BFE3ECB}.Development Editor|Win64.ActiveCfg = Development|Any CPU
		{DBCCE75D-885F-3EC4-BD20-2F9F0BFE3ECB}.Development Editor|Win64.Build.0 = Development|Any CPU
		{DBCCE75D-885F-3EC4-BD20-2F9F0BFE3ECB}.Development|Win64.ActiveCfg = Development|Any CPU
		{DBCCE75D-885F-3EC4-BD20-2F9F0BFE3ECB}.Development|Win64.Build.0 = Development|Any CPU
		{DBCCE75D-885F-3EC4-BD20-2F9F0BFE3ECB}.Shipping|Win64.ActiveCfg = Development|Any CPU
		{DBCCE75D-885F-3EC4-BD20-2F9F0BFE3ECB}.Shipping|Win64.Build.0 = Development|Any CPU
		{1C753C25-150A-3EBD-B9F4-ACCD2D614E44}.DebugGame Editor|Win64.ActiveCfg = Development|Any CPU
		{1C753C25-150A-3EBD-B9F4-ACCD2D614E44}.DebugGame Editor|Win64.Build.0 = Development|Any CPU
		{1C753C25-150A-3EBD-B9F4-ACCD2D614E44}.DebugGame|Win64.ActiveCfg = Development|Any CPU
		{1C753C25-150A-3EBD-B9F4-ACCD2D614E44}.DebugGame|Win64.Build.0 = Development|Any CPU
		{1C753C25-150A-3EBD-B9F4-ACCD2D614E44}.Development Editor|Win64.ActiveCfg = Development|Any CPU
		{1C753C25-150A-3EBD-B9F4-ACCD2D614E44}.Development Editor|Win64.Build.0 = Development|Any CPU
		{1C753C25-150A-3EBD-B9F4-ACCD2D614E44}.Development|Win64.ActiveCfg = Development|Any CPU
		{1C753C25-150A-3EBD-B9F4-ACCD2D614E44}.Development|Win64.Build.0 = Development|Any CPU
		{1C753C25-150A-3EBD-B9F4-ACCD2D614E44}.Shipping|Win64.ActiveCfg = Development|Any CPU
		{1C753C25-150A-3EBD-B9F4-ACCD2D614E44}.Shipping|Win64.Build.0 = Development|Any CPU
		{2001CFFB-1F65-313D-81AC-0D4C1BAE6996}.DebugGame Editor|Win64.ActiveCfg = Development|Any CPU
		{2001CFFB-1F65-313D-81AC-0D4C1BAE6996}.DebugGame Editor|Win64.Build.0 = Development|Any CPU
		{2001CFFB-1F65-313D-81AC-0D4C1BAE6996}.DebugGame|Win64.ActiveCfg = Development|Any CPU
		{2001CFFB-1F65-313D-81AC-0D4C1BAE6996}.DebugGame|Win64.Build.0 = Development|Any CPU
		{2001CFFB-1F65-313D-81AC-0D4C1BAE6996}.Development Editor|Win64.ActiveCfg = Development|Any CPU
		{2001CFFB-1F65-313D-81AC-0D4C1BAE6996}.Development Editor|Win64.Build.0 = Development|Any CPU
		{2001CFFB-1F65-313D-81AC-0D4C1BAE6996}.Development|Win64.ActiveCfg = Development|Any CPU
		{2001CFFB-1F65-313D-81AC-0D4C1BAE6996}.Development|Win64.Build.0 = Development|Any CPU
		{2001CFFB-1F65-313D-81AC-0D4C1BAE6996}.Shipping|Win64.ActiveCfg = Development|Any CPU
		{2001CFFB-1F65-313D-81AC-0D4C1BAE6996}.Shipping|Win64.Build.0 = Development|Any CPU
		{D8A5A0FE-A7D4-3DB6-925A-3EF2F9F57511}.DebugGame Editor|Win64.ActiveCfg = Development|Any CPU
		{D8A5A0FE-A7D4-3DB6-925A-3EF2F9F57511}.DebugGame Editor|Win64.Build.0 = Development|Any CPU
		{D8A5A0FE-A7D4-3DB6-925A-3EF2F9F57511}.DebugGame|Win64.ActiveCfg = Development|Any CPU
		{D8A5A0FE-A7D4-3DB6-925A-3EF2F9F57511}.DebugGame|Win64.Build.0 = Development|Any CPU
		{D8A5A0FE-A7D4-3DB6-925A-3EF2F9F57511}.Development Editor|Win64.ActiveCfg = Development|Any CPU
		{D8A5A0FE-A7D4-3DB6-925A-3EF2F9F57511}.Development Editor|Win64.Build.0 = Development|Any CPU
		{D8A5A0FE-A7D4-3DB6-925A-3EF2F9F57511}.Development|Win64.ActiveCfg = Development|Any CPU
		{D8A5A0FE-A7D4-3DB6-925A-3EF2F9F57511}.Development|Win64.Build.0 = Development|Any CPU
		{D8A5A0FE-A7D4-3DB6-925A-3EF2F9F57511}.Shipping|Win64.ActiveCfg = Development|Any CPU
		{D8A5A0FE-A7D4-3DB6-925A-3EF2F9F57511}.Shipping|Win64.Build.0 = Development|Any CPU
		{1C491EFA-3F2F-301C-B360-E22962ED1B69}.DebugGame Editor|Win64.ActiveCfg = Development|Any CPU
		{1C491EFA-3F2F-301C-B360-E22962ED1B69}.DebugGame Editor|Win64.Build.0 = Development|Any CPU
		{1C491EFA-3F2F-301C-B360-E22962ED1B69}.DebugGame|Win64.ActiveCfg = Development|Any CPU
		{1C491EFA-3F2F-301C-B360-E22962ED1B69}.DebugGame|Win64.Build.0 = Development|Any CPU
		{1C491EFA-3F2F-301C-B360-E22962ED1B69}.Development Editor|Win64.ActiveCfg = Development|Any CPU
		{1C491EFA-3F2F-301C-B360-E22962ED1B69}.Development Editor|Win64.Build.0 = Development|Any CPU
		{1C491EFA-3F2F-301C-B360-E22962ED1B69}.Development|Win64.ActiveCfg = Development|Any CPU
		{1C491EFA-3F2F-301C-B360-E22962ED1B69}.Development|Win64.Build.0 = Development|Any CPU
		{1C491EFA-3F2F-301C-B360-E22962ED1B69}.Shipping|Win64.ActiveCfg = Development|Any CPU
		{1C491EFA-3F2F-301C-B360-E22962ED1B69}.Shipping|Win64.Build.0 = Development|Any CPU
		{FFA8A5BE-69E6-34B0-96B7-E8A448D71B5F}.DebugGame Editor|Win64.ActiveCfg = Development|Any CPU
		{FFA8A5BE-69E6-34B0-96B7-E8A448D71B5F}.DebugGame Editor|Win64.Build.0 = Development|Any CPU
		{FFA8A5BE-69E6-34B0-96B7-E8A448D71B5F}.DebugGame|Win64.ActiveCfg = Development|Any CPU
		{FFA8A5BE-69E6-34B0-96B7-E8A448D71B5F}.DebugGame|Win64.Build.0 = Development|Any CPU
		{FFA8A5BE-69E6-34B0-96B7-E8A448D71B5F}.Development Editor|Win64.ActiveCfg = Development|Any CPU
		{FFA8A5BE-69E6-34B0-96B7-E8A448D71B5F}.Development Editor|Win64.Build.0 = Development|Any CPU
		{FFA8A5BE-69E6-34B0-96B7-E8A448D71B5F}.Development|Win64.ActiveCfg = Development|Any CPU
		{FFA8A5BE-69E6-34B0-96B7-E8A448D71B5F}.Development|Win64.Build.0 = Development|Any CPU
		{FFA8A5BE-69E6-34B0-96B7-E8A448D71B5F}.Shipping|Win64.ActiveCfg = Development|Any CPU
		{FFA8A5BE-69E6-34B0-96B7-E8A448D71B5F}.Shipping|Win64.Build.0 = Development|Any CPU
		{04C4B9DD-63FE-3257-8789-F2315E50CE95}.DebugGame Editor|Win64.ActiveCfg = Development|Any CPU
		{04C4B9DD-63FE-3257-8789-F2315E50CE95}.DebugGame Editor|Win64.Build.0 = Development|Any CPU
		{04C4B9DD-63FE-3257-8789-F2315E50CE95}.DebugGame|Win64.ActiveCfg = Development|Any CPU
		{04C4B9DD-63FE-3257-8789-F2315E50CE95}.DebugGame|Win64.Build.0 = Development|Any CPU
		{04C4B9DD-63FE-3257-8789-F2315E50CE95}.Development Editor|Win64.ActiveCfg = Development|Any CPU
		{04C4B9DD-63FE-3257-8789-F2315E50CE95}.Development Editor|Win64.Build.0 = Development|Any CPU
		{04C4B9DD-63FE-3257-8789-F2315E50CE95}.Development|Win64.ActiveCfg = Development|Any CPU
		{04C4B9DD-63FE-3257-8789-F2315E50CE95}.Development|Win64.Build.0 = Development|Any CPU
		{04C4B9DD-63FE-3257-8789-F2315E50CE95}.Shipping|Win64.ActiveCfg = Development|Any CPU
		{04C4B9DD-63FE-3257-8789-F2315E50CE95}.Shipping|Win64.Build.0 = Development|Any CPU
		{E81782BA-37C3-3178-8C97-0A23E0B9EB29}.DebugGame Editor|Win64.ActiveCfg = Development|Any CPU
		{E81782BA-37C3-3178-8C97-0A23E0B9EB29}.DebugGame Editor|Win64.Build.0 = Development|Any CPU
		{E81782BA-37C3-3178-8C97-0A23E0B9EB29}.DebugGame|Win64.ActiveCfg = Development|Any CPU
		{E81782BA-37C3-3178-8C97-0A23E0B9EB29}.DebugGame|Win64.Build.0 = Development|Any CPU
		{E81782BA-37C3-3178-8C97-0A23E0B9EB29}.Development Editor|Win64.ActiveCfg = Development|Any CPU
		{E81782BA-37C3-3178-8C97-0A23E0B9EB29}.Development Editor|Win64.Build.0 = Development|Any CPU
		{E81782BA-37C3-3178-8C97-0A23E0B9EB29}.Development|Win64.ActiveCfg = Development|Any CPU
		{E81782BA-37C3-3178-8C97-0A23E0B9EB29}.Development|Win64.Build.0 = Development|Any CPU
		{E81782BA-37C3-3178-8C97-0A23E0B9EB29}.Shipping|Win64.ActiveCfg = Development|Any CPU
		{E81782BA-37C3-3178-8C97-0A23E0B9EB29}.Shipping|Win64.Build.0 = Development|Any CPU
		{2EE7A450-C5CC-34E0-883B-564D11B9A22E}.DebugGame Editor|Win64.ActiveCfg = Development|Any CPU
		{2EE7A450-C5CC-34E0-883B-564D11B9A22E}.DebugGame Editor|Win64.Build.0 = Development|Any CPU
		{2EE7A450-C5CC-34E0-883B-564D11B9A22E}.DebugGame|Win64.ActiveCfg = Development|Any CPU
		{2EE7A450-C5CC-34E0-883B-564D11B9A22E}.DebugGame|Win64.Build.0 = Development|Any CPU
		{2EE7A450-C5CC-34E0-883B-564D11B9A22E}.Development Editor|Win64.ActiveCfg = Development|Any CPU
		{2EE7A450-C5CC-34E0-883B-564D11B9A22E}.Development Editor|Win64.Build.0 = Development|Any CPU
		{2EE7A450-C5CC-34E0-883B-564D11B9A22E}.Development|Win64.ActiveCfg = Development|Any CPU
		{2EE7A450-C5CC-34E0-883B-564D11B9A22E}.Development|Win64.Build.0 = Development|Any CPU
		{2EE7A450-C5CC-34E0-883B-564D11B9A22E}.Shipping|Win64.ActiveCfg = Development|Any CPU
		{2EE7A450-C5CC-34E0-883B-564D11B9A22E}.Shipping|Win64.Build.0 = Development|Any CPU
		{407988EC-E037-3C78-BC96-CC311E9A6B36}.DebugGame Editor|Win64.ActiveCfg = Development|Any CPU
		{407988EC-E037-3C78-BC96-CC311E9A6B36}.DebugGame Editor|Win64.Build.0 = Development|Any CPU
		{407988EC-E037-3C78-BC96-CC311E9A6B36}.DebugGame|Win64.ActiveCfg = Development|Any CPU
		{407988EC-E037-3C78-BC96-CC311E9A6B36}.DebugGame|Win64.Build.0 = Development|Any CPU
		{407988EC-E037-3C78-BC96-CC311E9A6B36}.Development Editor|Win64.ActiveCfg = Development|Any CPU
		{407988EC-E037-3C78-BC96-CC311E9A6B36}.Development Editor|Win64.Build.0 = Development|Any CPU
		{407988EC-E037-3C78-BC96-CC311E9A6B36}.Development|Win64.ActiveCfg = Development|Any CPU
		{407988EC-E037-3C78-BC96-CC311E9A6B36}.Development|Win64.Build.0 = Development|Any CPU
		{407988EC-E037-3C78-BC96-CC311E9A6B36}.Shipping|Win64.ActiveCfg = Development|Any CPU
		{407988EC-E037-3C78-BC96-CC311E9A6B36}.Shipping|Win64.Build.0 = Development|Any CPU
		{5A247C5E-9640-3E9F-86AD-81A116D16478}.DebugGame Editor|Win64.ActiveCfg = Development|Any CPU
		{5A247C5E-9640-3E9F-86AD-81A116D16478}.DebugGame Editor|Win64.Build.0 = Development|Any CPU
		{5A247C5E-9640-3E9F-86AD-81A116D16478}.DebugGame|Win64.ActiveCfg = Development|Any CPU
		{5A247C5E-9640-3E9F-86AD-81A116D16478}.DebugGame|Win64.Build.0 = Development|Any CPU
		{5A247C5E-9640-3E9F-86AD-81A116D16478}.Development Editor|Win64.ActiveCfg = Development|Any CPU
		{5A247C5E-9640-3E9F-86AD-81A116D16478}.Development Editor|Win64.Build.0 = Development|Any CPU
		{5A247C5E-9640-3E9F-86AD-81A116D16478}.Development|Win64.ActiveCfg = Development|Any CPU
		{5A247C5E-9640-3E9F-86AD-81A116D16478}.Development|Win64.Build.0 = Development|Any CPU
		{5A247C5E-9640-3E9F-86AD-81A116D16478}.Shipping|Win64.ActiveCfg = Development|Any CPU
		{5A247C5E-9640-3E9F-86AD-81A116D16478}.Shipping|Win64.Build.0 = Development|Any CPU
		{D06E9674-EA76-3427-BE41-E6A04205633A}.DebugGame Editor|Win64.ActiveCfg = Development|Any CPU
		{D06E9674-EA76-3427-BE41-E6A04205633A}.DebugGame Editor|Win64.Build.0 = Development|Any CPU
		{D06E9674-EA76-3427-BE41-E6A04205633A}.DebugGame|Win64.ActiveCfg = Development|Any CPU
		{D06E9674-EA76-3427-BE41-E6A04205633A}.DebugGame|Win64.Build.0 = Development|Any CPU
		{D06E9674-EA76-3427-BE41-E6A04205633A}.Development Editor|Win64.ActiveCfg = Development|Any CPU
		{D06E9674-EA76-3427-BE41-E6A04205633A}.Development Editor|Win64.Build.0 = Development|Any CPU
		{D06E9674-EA76-3427-BE41-E6A04205633A}.Development|Win64.ActiveCfg = Development|Any CPU
		{D06E9674-EA76-3427-BE41-E6A04205633A}.Development|Win64.Build.0 = Development|Any CPU
		{D06E9674-EA76-3427-BE41-E6A04205633A}.Shipping|Win64.ActiveCfg = Development|Any CPU
		{D06E9674-EA76-3427-BE41-E6A04205633A}.Shipping|Win64.Build.0 = Development|Any CPU
		{95521C5A-3B8D-3042-961E-30AE30DD1F84}.DebugGame Editor|Win64.ActiveCfg = Development|Any CPU
		{95521C5A-3B8D-3042-961E-30AE30DD1F84}.DebugGame Editor|Win64.Build.0 = Development|Any CPU
		{95521C5A-3B8D-3042-961E-30AE30DD1F84}.DebugGame|Win64.ActiveCfg = Development|Any CPU
		{95521C5A-3B8D-3042-961E-30AE30DD1F84}.DebugGame|Win64.Build.0 = Development|Any CPU
		{95521C5A-3B8D-3042-961E-30AE30DD1F84}.Development Editor|Win64.ActiveCfg = Development|Any CPU
		{95521C5A-3B8D-3042-961E-30AE30DD1F84}.Development Editor|Win64.Build.0 = Development|Any CPU
		{95521C5A-3B8D-3042-961E-30AE30DD1F84}.Development|Win64.ActiveCfg = Development|Any CPU
		{95521C5A-3B8D-3042-961E-30AE30DD1F84}.Development|Win64.Build.0 = Development|Any CPU
		{95521C5A-3B8D-3042-961E-30AE30DD1F84}.Shipping|Win64.ActiveCfg = Development|Any CPU
		{95521C5A-3B8D-3042-961E-30AE30DD1F84}.Shipping|Win64.Build.0 = Development|Any CPU
		{971F175F-E745-3B51-994E-9851BC182C7E}.DebugGame Editor|Win64.ActiveCfg = Development|Any CPU
		{971F175F-E745-3B51-994E-9851BC182C7E}.DebugGame Editor|Win64.Build.0 = Development|Any CPU
		{971F175F-E745-3B51-994E-9851BC182C7E}.DebugGame|Win64.ActiveCfg = Development|Any CPU
		{971F175F-E745-3B51-994E-9851BC182C7E}.DebugGame|Win64.Build.0 = Development|Any CPU
		{971F175F-E745-3B51-994E-9851BC182C7E}.Development Editor|Win64.ActiveCfg = Development|Any CPU
		{971F175F-E745-3B51-994E-9851BC182C7E}.Development Editor|Win64.Build.0 = Development|Any CPU
		{971F175F-E745-3B51-994E-9851BC182C7E}.Development|Win64.ActiveCfg = Development|Any CPU
		{971F175F-E745-3B51-994E-9851BC182C7E}.Development|Win64.Build.0 = Development|Any CPU
		{971F175F-E745-3B51-994E-9851BC182C7E}.Shipping|Win64.ActiveCfg = Development|Any CPU
		{971F175F-E745-3B51-994E-9851BC182C7E}.Shipping|Win64.Build.0 = Development|Any CPU
		{3E08553D-F4F7-34DA-A0FD-8972B82068E4}.DebugGame Editor|Win64.ActiveCfg = Development|Any CPU
		{3E08553D-F4F7-34DA-A0FD-8972B82068E4}.DebugGame Editor|Win64.Build.0 = Development|Any CPU
		{3E08553D-F4F7-34DA-A0FD-8972B82068E4}.DebugGame|Win64.ActiveCfg = Development|Any CPU
		{3E08553D-F4F7-34DA-A0FD-8972B82068E4}.DebugGame|Win64.Build.0 = Development|Any CPU
		{3E08553D-F4F7-34DA-A0FD-8972B82068E4}.Development Editor|Win64.ActiveCfg = Development|Any CPU
		{3E08553D-F4F7-34DA-A0FD-8972B82068E4}.Development Editor|Win64.Build.0 = Development|Any CPU
		{3E08553D-F4F7-34DA-A0FD-8972B82068E4}.Development|Win64.ActiveCfg = Development|Any CPU
		{3E08553D-F4F7-34DA-A0FD-8972B82068E4}.Development|Win64.Build.0 = Development|Any CPU
		{3E08553D-F4F7-34DA-A0FD-8972B82068E4}.Shipping|Win64.ActiveCfg = Development|Any CPU
		{3E08553D-F4F7-34DA-A0FD-8972B82068E4}.Shipping|Win64.Build.0 = Development|Any CPU
		{985D9E83-17DC-3FDA-8E3D-67683E5F6E36}.DebugGame Editor|Win64.ActiveCfg = Development|Any CPU
		{985D9E83-17DC-3FDA-8E3D-67683E5F6E36}.DebugGame Editor|Win64.Build.0 = Development|Any CPU
		{985D9E83-17DC-3FDA-8E3D-67683E5F6E36}.DebugGame|Win64.ActiveCfg = Development|Any CPU
		{985D9E83-17DC-3FDA-8E3D-67683E5F6E36}.DebugGame|Win64.Build.0 = Development|Any CPU
		{985D9E83-17DC-3FDA-8E3D-67683E5F6E36}.Development Editor|Win64.ActiveCfg = Development|Any CPU
		{985D9E83-17DC-3FDA-8E3D-67683E5F6E36}.Development Editor|Win64.Build.0 = Development|Any CPU
		{985D9E83-17DC-3FDA-8E3D-67683E5F6E36}.Development|Win64.ActiveCfg = Development|Any CPU
		{985D9E83-17DC-3FDA-8E3D-67683E5F6E36}.Development|Win64.Build.0 = Development|Any CPU
		{985D9E83-17DC-3FDA-8E3D-67683E5F6E36}.Shipping|Win64.ActiveCfg = Development|Any CPU
		{985D9E83-17DC-3FDA-8E3D-67683E5F6E36}.Shipping|Win64.Build.0 = Development|Any CPU
		{4F041DA9-9D14-3D12-9ADD-5C99D5FE8A05}.DebugGame Editor|Win64.ActiveCfg = Development|Any CPU
		{4F041DA9-9D14-3D12-9ADD-5C99D5FE8A05}.DebugGame Editor|Win64.Build.0 = Development|Any CPU
		{4F041DA9-9D14-3D12-9ADD-5C99D5FE8A05}.DebugGame|Win64.ActiveCfg = Development|Any CPU
		{4F041DA9-9D14-3D12-9ADD-5C99D5FE8A05}.DebugGame|Win64.Build.0 = Development|Any CPU
		{4F041DA9-9D14-3D12-9ADD-5C99D5FE8A05}.Development Editor|Win64.ActiveCfg = Development|Any CPU
		{4F041DA9-9D14-3D12-9ADD-5C99D5FE8A05}.Development Editor|Win64.Build.0 = Development|Any CPU
		{4F041DA9-9D14-3D12-9ADD-5C99D5FE8A05}.Development|Win64.ActiveCfg = Development|Any CPU
		{4F041DA9-9D14-3D12-9ADD-5C99D5FE8A05}.Development|Win64.Build.0 = Development|Any CPU
		{4F041DA9-9D14-3D12-9ADD-5C99D5FE8A05}.Shipping|Win64.ActiveCfg = Development|Any CPU
		{4F041DA9-9D14-3D12-9ADD-5C99D5FE8A05}.Shipping|Win64.Build.0 = Development|Any CPU
		{94C1EB6D-840A-3FE0-A5B5-7B108390C3C3}.DebugGame Editor|Win64.ActiveCfg = Development|Any CPU
		{94C1EB6D-840A-3FE0-A5B5-7B108390C3C3}.DebugGame Editor|Win64.Build.0 = Development|Any CPU
		{94C1EB6D-840A-3FE0-A5B5-7B108390C3C3}.DebugGame|Win64.ActiveCfg = Development|Any CPU
		{94C1EB6D-840A-3FE0-A5B5-7B108390C3C3}.DebugGame|Win64.Build.0 = Development|Any CPU
		{94C1EB6D-840A-3FE0-A5B5-7B108390C3C3}.Development Editor|Win64.ActiveCfg = Development|Any CPU
		{94C1EB6D-840A-3FE0-A5B5-7B108390C3C3}.Development Editor|Win64.Build.0 = Development|Any CPU
		{94C1EB6D-840A-3FE0-A5B5-7B108390C3C3}.Development|Win64.ActiveCfg = Development|Any CPU
		{94C1EB6D-840A-3FE0-A5B5-7B108390C3C3}.Development|Win64.Build.0 = Development|Any CPU
		{94C1EB6D-840A-3FE0-A5B5-7B108390C3C3}.Shipping|Win64.ActiveCfg = Development|Any CPU
		{94C1EB6D-840A-3FE0-A5B5-7B108390C3C3}.Shipping|Win64.Build.0 = Development|Any CPU
		{727CB0E5-A7FC-3868-A953-D37F80AC34CF}.DebugGame Editor|Win64.ActiveCfg = Development|Any CPU
		{727CB0E5-A7FC-3868-A953-D37F80AC34CF}.DebugGame Editor|Win64.Build.0 = Development|Any CPU
		{727CB0E5-A7FC-3868-A953-D37F80AC34CF}.DebugGame|Win64.ActiveCfg = Development|Any CPU
		{727CB0E5-A7FC-3868-A953-D37F80AC34CF}.DebugGame|Win64.Build.0 = Development|Any CPU
		{727CB0E5-A7FC-3868-A953-D37F80AC34CF}.Development Editor|Win64.ActiveCfg = Development|Any CPU
		{727CB0E5-A7FC-3868-A953-D37F80AC34CF}.Development Editor|Win64.Build.0 = Development|Any CPU
		{727CB0E5-A7FC-3868-A953-D37F80AC34CF}.Development|Win64.ActiveCfg = Development|Any CPU
		{727CB0E5-A7FC-3868-A953-D37F80AC34CF}.Development|Win64.Build.0 = Development|Any CPU
		{727CB0E5-A7FC-3868-A953-D37F80AC34CF}.Shipping|Win64.ActiveCfg = Development|Any CPU
		{727CB0E5-A7FC-3868-A953-D37F80AC34CF}.Shipping|Win64.Build.0 = Development|Any CPU
		{3CE53F1D-8DF9-3EC0-8205-B88DE90A5B72}.DebugGame Editor|Win64.ActiveCfg = Development|Any CPU
		{3CE53F1D-8DF9-3EC0-8205-B88DE90A5B72}.DebugGame Editor|Win64.Build.0 = Development|Any CPU
		{3CE53F1D-8DF9-3EC0-8205-B88DE90A5B72}.DebugGame|Win64.ActiveCfg = Development|Any CPU
		{3CE53F1D-8DF9-3EC0-8205-B88DE90A5B72}.DebugGame|Win64.Build.0 = Development|Any CPU
		{3CE53F1D-8DF9-3EC0-8205-B88DE90A5B72}.Development Editor|Win64.ActiveCfg = Development|Any CPU
		{3CE53F1D-8DF9-3EC0-8205-B88DE90A5B72}.Development Editor|Win64.Build.0 = Development|Any CPU
		{3CE53F1D-8DF9-3EC0-8205-B88DE90A5B72}.Development|Win64.ActiveCfg = Development|Any CPU
		{3CE53F1D-8DF9-3EC0-8205-B88DE90A5B72}.Development|Win64.Build.0 = Development|Any CPU
		{3CE53F1D-8DF9-3EC0-8205-B88DE90A5B72}.Shipping|Win64.ActiveCfg = Development|Any CPU
		{3CE53F1D-8DF9-3EC0-8205-B88DE90A5B72}.Shipping|Win64.Build.0 = Development|Any CPU
		{4761AEAD-8E19-30EE-B03D-7D144A2F8EB5}.DebugGame Editor|Win64.ActiveCfg = Development|Any CPU
		{4761AEAD-8E19-30EE-B03D-7D144A2F8EB5}.DebugGame Editor|Win64.Build.0 = Development|Any CPU
		{4761AEAD-8E19-30EE-B03D-7D144A2F8EB5}.DebugGame|Win64.ActiveCfg = Development|Any CPU
		{4761AEAD-8E19-30EE-B03D-7D144A2F8EB5}.DebugGame|Win64.Build.0 = Development|Any CPU
		{4761AEAD-8E19-30EE-B03D-7D144A2F8EB5}.Development Editor|Win64.ActiveCfg = Development|Any CPU
		{4761AEAD-8E19-30EE-B03D-7D144A2F8EB5}.Development Editor|Win64.Build.0 = Development|Any CPU
		{4761AEAD-8E19-30EE-B03D-7D144A2F8EB5}.Development|Win64.ActiveCfg = Development|Any CPU
		{4761AEAD-8E19-30EE-B03D-7D144A2F8EB5}.Development|Win64.Build.0 = Development|Any CPU
		{4761AEAD-8E19-30EE-B03D-7D144A2F8EB5}.Shipping|Win64.ActiveCfg = Development|Any CPU
		{4761AEAD-8E19-30EE-B03D-7D144A2F8EB5}.Shipping|Win64.Build.0 = Development|Any CPU
		{EF7422DA-804E-3786-92B1-26C08AE20253}.DebugGame Editor|Win64.ActiveCfg = Development|Any CPU
		{EF7422DA-804E-3786-92B1-26C08AE20253}.DebugGame Editor|Win64.Build.0 = Development|Any CPU
		{EF7422DA-804E-3786-92B1-26C08AE20253}.DebugGame|Win64.ActiveCfg = Development|Any CPU
		{EF7422DA-804E-3786-92B1-26C08AE20253}.DebugGame|Win64.Build.0 = Development|Any CPU
		{EF7422DA-804E-3786-92B1-26C08AE20253}.Development Editor|Win64.ActiveCfg = Development|Any CPU
		{EF7422DA-804E-3786-92B1-26C08AE20253}.Development Editor|Win64.Build.0 = Development|Any CPU
		{EF7422DA-804E-3786-92B1-26C08AE20253}.Development|Win64.ActiveCfg = Development|Any CPU
		{EF7422DA-804E-3786-92B1-26C08AE20253}.Development|Win64.Build.0 = Development|Any CPU
		{EF7422DA-804E-3786-92B1-26C08AE20253}.Shipping|Win64.ActiveCfg = Development|Any CPU
		{EF7422DA-804E-3786-92B1-26C08AE20253}.Shipping|Win64.Build.0 = Development|Any CPU
		{E4C9409E-36F4-3776-B16F-3CEBD6E6BDC7}.DebugGame Editor|Win64.ActiveCfg = Development|Any CPU
		{E4C9409E-36F4-3776-B16F-3CEBD6E6BDC7}.DebugGame Editor|Win64.Build.0 = Development|Any CPU
		{E4C9409E-36F4-3776-B16F-3CEBD6E6BDC7}.DebugGame|Win64.ActiveCfg = Development|Any CPU
		{E4C9409E-36F4-3776-B16F-3CEBD6E6BDC7}.DebugGame|Win64.Build.0 = Development|Any CPU
		{E4C9409E-36F4-3776-B16F-3CEBD6E6BDC7}.Development Editor|Win64.ActiveCfg = Development|Any CPU
		{E4C9409E-36F4-3776-B16F-3CEBD6E6BDC7}.Development Editor|Win64.Build.0 = Development|Any CPU
		{E4C9409E-36F4-3776-B16F-3CEBD6E6BDC7}.Development|Win64.ActiveCfg = Development|Any CPU
		{E4C9409E-36F4-3776-B16F-3CEBD6E6BDC7}.Development|Win64.Build.0 = Development|Any CPU
		{E4C9409E-36F4-3776-B16F-3CEBD6E6BDC7}.Shipping|Win64.ActiveCfg = Development|Any CPU
		{E4C9409E-36F4-3776-B16F-3CEBD6E6BDC7}.Shipping|Win64.Build.0 = Development|Any CPU
		{4A88A1A7-1969-3201-8EFE-B283E09D4F96}.DebugGame Editor|Win64.ActiveCfg = Development|Any CPU
		{4A88A1A7-1969-3201-8EFE-B283E09D4F96}.DebugGame Editor|Win64.Build.0 = Development|Any CPU
		{4A88A1A7-1969-3201-8EFE-B283E09D4F96}.DebugGame|Win64.ActiveCfg = Development|Any CPU
		{4A88A1A7-1969-3201-8EFE-B283E09D4F96}.DebugGame|Win64.Build.0 = Development|Any CPU
		{4A88A1A7-1969-3201-8EFE-B283E09D4F96}.Development Editor|Win64.ActiveCfg = Development|Any CPU
		{4A88A1A7-1969-3201-8EFE-B283E09D4F96}.Development Editor|Win64.Build.0 = Development|Any CPU
		{4A88A1A7-1969-3201-8EFE-B283E09D4F96}.Development|Win64.ActiveCfg = Development|Any CPU
		{4A88A1A7-1969-3201-8EFE-B283E09D4F96}.Development|Win64.Build.0 = Development|Any CPU
		{4A88A1A7-1969-3201-8EFE-B283E09D4F96}.Shipping|Win64.ActiveCfg = Development|Any CPU
		{4A88A1A7-1969-3201-8EFE-B283E09D4F96}.Shipping|Win64.Build.0 = Development|Any CPU
		{668F99A2-A3EF-3EDB-891E-29F170785C8B}.DebugGame Editor|Win64.ActiveCfg = Development|Any CPU
		{668F99A2-A3EF-3EDB-891E-29F170785C8B}.DebugGame Editor|Win64.Build.0 = Development|Any CPU
		{668F99A2-A3EF-3EDB-891E-29F170785C8B}.DebugGame|Win64.ActiveCfg = Development|Any CPU
		{668F99A2-A3EF-3EDB-891E-29F170785C8B}.DebugGame|Win64.Build.0 = Development|Any CPU
		{668F99A2-A3EF-3EDB-891E-29F170785C8B}.Development Editor|Win64.ActiveCfg = Development|Any CPU
		{668F99A2-A3EF-3EDB-891E-29F170785C8B}.Development Editor|Win64.Build.0 = Development|Any CPU
		{668F99A2-A3EF-3EDB-891E-29F170785C8B}.Development|Win64.ActiveCfg = Development|Any CPU
		{668F99A2-A3EF-3EDB-891E-29F170785C8B}.Development|Win64.Build.0 = Development|Any CPU
		{668F99A2-A3EF-3EDB-891E-29F170785C8B}.Shipping|Win64.ActiveCfg = Development|Any CPU
		{668F99A2-A3EF-3EDB-891E-29F170785C8B}.Shipping|Win64.Build.0 = Development|Any CPU
		{2068D0A5-B4BC-3999-9D55-327FC4858032}.DebugGame Editor|Win64.ActiveCfg = Development|Any CPU
		{2068D0A5-B4BC-3999-9D55-327FC4858032}.DebugGame Editor|Win64.Build.0 = Development|Any CPU
		{2068D0A5-B4BC-3999-9D55-327FC4858032}.DebugGame|Win64.ActiveCfg = Development|Any CPU
		{2068D0A5-B4BC-3999-9D55-327FC4858032}.DebugGame|Win64.Build.0 = Development|Any CPU
		{2068D0A5-B4BC-3999-9D55-327FC4858032}.Development Editor|Win64.ActiveCfg = Development|Any CPU
		{2068D0A5-B4BC-3999-9D55-327FC4858032}.Development Editor|Win64.Build.0 = Development|Any CPU
		{2068D0A5-B4BC-3999-9D55-327FC4858032}.Development|Win64.ActiveCfg = Development|Any CPU
		{2068D0A5-B4BC-3999-9D55-327FC4858032}.Development|Win64.Build.0 = Development|Any CPU
		{2068D0A5-B4BC-3999-9D55-327FC4858032}.Shipping|Win64.ActiveCfg = Development|Any CPU
		{2068D0A5-B4BC-3999-9D55-327FC4858032}.Shipping|Win64.Build.0 = Development|Any CPU
		{2FE2262B-6163-3A5A-88B4-37546B444CBD}.DebugGame Editor|Win64.ActiveCfg = Development|Any CPU
		{2FE2262B-6163-3A5A-88B4-37546B444CBD}.DebugGame Editor|Win64.Build.0 = Development|Any CPU
		{2FE2262B-6163-3A5A-88B4-37546B444CBD}.DebugGame|Win64.ActiveCfg = Development|Any CPU
		{2FE2262B-6163-3A5A-88B4-37546B444CBD}.DebugGame|Win64.Build.0 = Development|Any CPU
		{2FE2262B-6163-3A5A-88B4-37546B444CBD}.Development Editor|Win64.ActiveCfg = Development|Any CPU
		{2FE2262B-6163-3A5A-88B4-37546B444CBD}.Development Editor|Win64.Build.0 = Development|Any CPU
		{2FE2262B-6163-3A5A-88B4-37546B444CBD}.Development|Win64.ActiveCfg = Development|Any CPU
		{2FE2262B-6163-3A5A-88B4-37546B444CBD}.Development|Win64.Build.0 = Development|Any CPU
		{2FE2262B-6163-3A5A-88B4-37546B444CBD}.Shipping|Win64.ActiveCfg = Development|Any CPU
		{2FE2262B-6163-3A5A-88B4-37546B444CBD}.Shipping|Win64.Build.0 = Development|Any CPU
		{D9B65A58-9C9A-391B-A1FD-B1559101F329}.DebugGame Editor|Win64.ActiveCfg = Development|Any CPU
		{D9B65A58-9C9A-391B-A1FD-B1559101F329}.DebugGame Editor|Win64.Build.0 = Development|Any CPU
		{D9B65A58-9C9A-391B-A1FD-B1559101F329}.DebugGame|Win64.ActiveCfg = Development|Any CPU
		{D9B65A58-9C9A-391B-A1FD-B1559101F329}.DebugGame|Win64.Build.0 = Development|Any CPU
		{D9B65A58-9C9A-391B-A1FD-B1559101F329}.Development Editor|Win64.ActiveCfg = Development|Any CPU
		{D9B65A58-9C9A-391B-A1FD-B1559101F329}.Development Editor|Win64.Build.0 = Development|Any CPU
		{D9B65A58-9C9A-391B-A1FD-B1559101F329}.Development|Win64.ActiveCfg = Development|Any CPU
		{D9B65A58-9C9A-391B-A1FD-B1559101F329}.Development|Win64.Build.0 = Development|Any CPU
		{D9B65A58-9C9A-391B-A1FD-B1559101F329}.Shipping|Win64.ActiveCfg = Development|Any CPU
		{D9B65A58-9C9A-391B-A1FD-B1559101F329}.Shipping|Win64.Build.0 = Development|Any CPU
		{1CE2FB9B-589A-3ABB-9D7A-43331E7FF4F6}.DebugGame Editor|Win64.ActiveCfg = Development|Any CPU
		{1CE2FB9B-589A-3ABB-9D7A-43331E7FF4F6}.DebugGame Editor|Win64.Build.0 = Development|Any CPU
		{1CE2FB9B-589A-3ABB-9D7A-43331E7FF4F6}.DebugGame|Win64.ActiveCfg = Development|Any CPU
		{1CE2FB9B-589A-3ABB-9D7A-43331E7FF4F6}.DebugGame|Win64.Build.0 = Development|Any CPU
		{1CE2FB9B-589A-3ABB-9D7A-43331E7FF4F6}.Development Editor|Win64.ActiveCfg = Development|Any CPU
		{1CE2FB9B-589A-3ABB-9D7A-43331E7FF4F6}.Development Editor|Win64.Build.0 = Development|Any CPU
		{1CE2FB9B-589A-3ABB-9D7A-43331E7FF4F6}.Development|Win64.ActiveCfg = Development|Any CPU
		{1CE2FB9B-589A-3ABB-9D7A-43331E7FF4F6}.Development|Win64.Build.0 = Development|Any CPU
		{1CE2FB9B-589A-3ABB-9D7A-43331E7FF4F6}.Shipping|Win64.ActiveCfg = Development|Any CPU
		{1CE2FB9B-589A-3ABB-9D7A-43331E7FF4F6}.Shipping|Win64.Build.0 = Development|Any CPU
		{52C3A50B-1712-358E-83FC-E30F1AE552E2}.DebugGame Editor|Win64.ActiveCfg = Development|Any CPU
		{52C3A50B-1712-358E-83FC-E30F1AE552E2}.DebugGame Editor|Win64.Build.0 = Development|Any CPU
		{52C3A50B-1712-358E-83FC-E30F1AE552E2}.DebugGame|Win64.ActiveCfg = Development|Any CPU
		{52C3A50B-1712-358E-83FC-E30F1AE552E2}.DebugGame|Win64.Build.0 = Development|Any CPU
		{52C3A50B-1712-358E-83FC-E30F1AE552E2}.Development Editor|Win64.ActiveCfg = Development|Any CPU
		{52C3A50B-1712-358E-83FC-E30F1AE552E2}.Development Editor|Win64.Build.0 = Development|Any CPU
		{52C3A50B-1712-358E-83FC-E30F1AE552E2}.Development|Win64.ActiveCfg = Development|Any CPU
		{52C3A50B-1712-358E-83FC-E30F1AE552E2}.Development|Win64.Build.0 = Development|Any CPU
		{52C3A50B-1712-358E-83FC-E30F1AE552E2}.Shipping|Win64.ActiveCfg = Development|Any CPU
		{52C3A50B-1712-358E-83FC-E30F1AE552E2}.Shipping|Win64.Build.0 = Development|Any CPU
		{BD21DE96-9132-3743-8A62-B08EE77B8D5C}.DebugGame Editor|Win64.ActiveCfg = Development|Any CPU
		{BD21DE96-9132-3743-8A62-B08EE77B8D5C}.DebugGame Editor|Win64.Build.0 = Development|Any CPU
		{BD21DE96-9132-3743-8A62-B08EE77B8D5C}.DebugGame|Win64.ActiveCfg = Development|Any CPU
		{BD21DE96-9132-3743-8A62-B08EE77B8D5C}.DebugGame|Win64.Build.0 = Development|Any CPU
		{BD21DE96-9132-3743-8A62-B08EE77B8D5C}.Development Editor|Win64.ActiveCfg = Development|Any CPU
		{BD21DE96-9132-3743-8A62-B08EE77B8D5C}.Development Editor|Win64.Build.0 = Development|Any CPU
		{BD21DE96-9132-3743-8A62-B08EE77B8D5C}.Development|Win64.ActiveCfg = Development|Any CPU
		{BD21DE96-9132-3743-8A62-B08EE77B8D5C}.Development|Win64.Build.0 = Development|Any CPU
		{BD21DE96-9132-3743-8A62-B08EE77B8D5C}.Shipping|Win64.ActiveCfg = Development|Any CPU
		{BD21DE96-9132-3743-8A62-B08EE77B8D5C}.Shipping|Win64.Build.0 = Development|Any CPU
		{8EA8C55A-60D2-3808-A52A-700D5B733725}.DebugGame Editor|Win64.ActiveCfg = Development|Any CPU
		{8EA8C55A-60D2-3808-A52A-700D5B733725}.DebugGame Editor|Win64.Build.0 = Development|Any CPU
		{8EA8C55A-60D2-3808-A52A-700D5B733725}.DebugGame|Win64.ActiveCfg = Development|Any CPU
		{8EA8C55A-60D2-3808-A52A-700D5B733725}.DebugGame|Win64.Build.0 = Development|Any CPU
		{8EA8C55A-60D2-3808-A52A-700D5B733725}.Development Editor|Win64.ActiveCfg = Development|Any CPU
		{8EA8C55A-60D2-3808-A52A-700D5B733725}.Development Editor|Win64.Build.0 = Development|Any CPU
		{8EA8C55A-60D2-3808-A52A-700D5B733725}.Development|Win64.ActiveCfg = Development|Any CPU
		{8EA8C55A-60D2-3808-A52A-700D5B733725}.Development|Win64.Build.0 = Development|Any CPU
		{8EA8C55A-60D2-3808-A52A-700D5B733725}.Shipping|Win64.ActiveCfg = Development|Any CPU
		{8EA8C55A-60D2-3808-A52A-700D5B733725}.Shipping|Win64.Build.0 = Development|Any CPU
		{A4C8576F-B96F-38E0-B01E-110EECE4858E}.DebugGame Editor|Win64.ActiveCfg = Development|Any CPU
		{A4C8576F-B96F-38E0-B01E-110EECE4858E}.DebugGame Editor|Win64.Build.0 = Development|Any CPU
		{A4C8576F-B96F-38E0-B01E-110EECE4858E}.DebugGame|Win64.ActiveCfg = Development|Any CPU
		{A4C8576F-B96F-38E0-B01E-110EECE4858E}.DebugGame|Win64.Build.0 = Development|Any CPU
		{A4C8576F-B96F-38E0-B01E-110EECE4858E}.Development Editor|Win64.ActiveCfg = Development|Any CPU
		{A4C8576F-B96F-38E0-B01E-110EECE4858E}.Development Editor|Win64.Build.0 = Development|Any CPU
		{A4C8576F-B96F-38E0-B01E-110EECE4858E}.Development|Win64.ActiveCfg = Development|Any CPU
		{A4C8576F-B96F-38E0-B01E-110EECE4858E}.Development|Win64.Build.0 = Development|Any CPU
		{A4C8576F-B96F-38E0-B01E-110EECE4858E}.Shipping|Win64.ActiveCfg = Development|Any CPU
		{A4C8576F-B96F-38E0-B01E-110EECE4858E}.Shipping|Win64.Build.0 = Development|Any CPU
		{41E04C85-6C68-36AB-A770-6C429DC98CAA}.DebugGame Editor|Win64.ActiveCfg = Development|Any CPU
		{41E04C85-6C68-36AB-A770-6C429DC98CAA}.DebugGame Editor|Win64.Build.0 = Development|Any CPU
		{41E04C85-6C68-36AB-A770-6C429DC98CAA}.DebugGame|Win64.ActiveCfg = Development|Any CPU
		{41E04C85-6C68-36AB-A770-6C429DC98CAA}.DebugGame|Win64.Build.0 = Development|Any CPU
		{41E04C85-6C68-36AB-A770-6C429DC98CAA}.Development Editor|Win64.ActiveCfg = Development|Any CPU
		{41E04C85-6C68-36AB-A770-6C429DC98CAA}.Development Editor|Win64.Build.0 = Development|Any CPU
		{41E04C85-6C68-36AB-A770-6C429DC98CAA}.Development|Win64.ActiveCfg = Development|Any CPU
		{41E04C85-6C68-36AB-A770-6C429DC98CAA}.Development|Win64.Build.0 = Development|Any CPU
		{41E04C85-6C68-36AB-A770-6C429DC98CAA}.Shipping|Win64.ActiveCfg = Development|Any CPU
		{41E04C85-6C68-36AB-A770-6C429DC98CAA}.Shipping|Win64.Build.0 = Development|Any CPU
		{5414AE74-C611-3C94-A6A6-22DACBB66CA6}.DebugGame Editor|Win64.ActiveCfg = Development|Any CPU
		{5414AE74-C611-3C94-A6A6-22DACBB66CA6}.DebugGame Editor|Win64.Build.0 = Development|Any CPU
		{5414AE74-C611-3C94-A6A6-22DACBB66CA6}.DebugGame|Win64.ActiveCfg = Development|Any CPU
		{5414AE74-C611-3C94-A6A6-22DACBB66CA6}.DebugGame|Win64.Build.0 = Development|Any CPU
		{5414AE74-C611-3C94-A6A6-22DACBB66CA6}.Development Editor|Win64.ActiveCfg = Development|Any CPU
		{5414AE74-C611-3C94-A6A6-22DACBB66CA6}.Development Editor|Win64.Build.0 = Development|Any CPU
		{5414AE74-C611-3C94-A6A6-22DACBB66CA6}.Development|Win64.ActiveCfg = Development|Any CPU
		{5414AE74-C611-3C94-A6A6-22DACBB66CA6}.Development|Win64.Build.0 = Development|Any CPU
		{5414AE74-C611-3C94-A6A6-22DACBB66CA6}.Shipping|Win64.ActiveCfg = Development|Any CPU
		{5414AE74-C611-3C94-A6A6-22DACBB66CA6}.Shipping|Win64.Build.0 = Development|Any CPU
		{53B79E37-AA9F-3E6B-9F03-6F37CB692C6D}.DebugGame Editor|Win64.ActiveCfg = Development|Any CPU
		{53B79E37-AA9F-3E6B-9F03-6F37CB692C6D}.DebugGame Editor|Win64.Build.0 = Development|Any CPU
		{53B79E37-AA9F-3E6B-9F03-6F37CB692C6D}.DebugGame|Win64.ActiveCfg = Development|Any CPU
		{53B79E37-AA9F-3E6B-9F03-6F37CB692C6D}.DebugGame|Win64.Build.0 = Development|Any CPU
		{53B79E37-AA9F-3E6B-9F03-6F37CB692C6D}.Development Editor|Win64.ActiveCfg = Development|Any CPU
		{53B79E37-AA9F-3E6B-9F03-6F37CB692C6D}.Development Editor|Win64.Build.0 = Development|Any CPU
		{53B79E37-AA9F-3E6B-9F03-6F37CB692C6D}.Development|Win64.ActiveCfg = Development|Any CPU
		{53B79E37-AA9F-3E6B-9F03-6F37CB692C6D}.Development|Win64.Build.0 = Development|Any CPU
		{53B79E37-AA9F-3E6B-9F03-6F37CB692C6D}.Shipping|Win64.ActiveCfg = Development|Any CPU
		{53B79E37-AA9F-3E6B-9F03-6F37CB692C6D}.Shipping|Win64.Build.0 = Development|Any CPU
		{8D2F74AD-EA9C-3DA5-BE59-11AC7E13BCC7}.DebugGame Editor|Win64.ActiveCfg = Development|Any CPU
		{8D2F74AD-EA9C-3DA5-BE59-11AC7E13BCC7}.DebugGame Editor|Win64.Build.0 = Development|Any CPU
		{8D2F74AD-EA9C-3DA5-BE59-11AC7E13BCC7}.DebugGame|Win64.ActiveCfg = Development|Any CPU
		{8D2F74AD-EA9C-3DA5-BE59-11AC7E13BCC7}.DebugGame|Win64.Build.0 = Development|Any CPU
		{8D2F74AD-EA9C-3DA5-BE59-11AC7E13BCC7}.Development Editor|Win64.ActiveCfg = Development|Any CPU
		{8D2F74AD-EA9C-3DA5-BE59-11AC7E13BCC7}.Development Editor|Win64.Build.0 = Development|Any CPU
		{8D2F74AD-EA9C-3DA5-BE59-11AC7E13BCC7}.Development|Win64.ActiveCfg = Development|Any CPU
		{8D2F74AD-EA9C-3DA5-BE59-11AC7E13BCC7}.Development|Win64.Build.0 = Development|Any CPU
		{8D2F74AD-EA9C-3DA5-BE59-11AC7E13BCC7}.Shipping|Win64.ActiveCfg = Development|Any CPU
		{8D2F74AD-EA9C-3DA5-BE59-11AC7E13BCC7}.Shipping|Win64.Build.0 = Development|Any CPU
		{EA12ACBE-5E84-3FBF-A332-379451A7D566}.DebugGame Editor|Win64.ActiveCfg = Development|Any CPU
		{EA12ACBE-5E84-3FBF-A332-379451A7D566}.DebugGame Editor|Win64.Build.0 = Development|Any CPU
		{EA12ACBE-5E84-3FBF-A332-379451A7D566}.DebugGame|Win64.ActiveCfg = Development|Any CPU
		{EA12ACBE-5E84-3FBF-A332-379451A7D566}.DebugGame|Win64.Build.0 = Development|Any CPU
		{EA12ACBE-5E84-3FBF-A332-379451A7D566}.Development Editor|Win64.ActiveCfg = Development|Any CPU
		{EA12ACBE-5E84-3FBF-A332-379451A7D566}.Development Editor|Win64.Build.0 = Development|Any CPU
		{EA12ACBE-5E84-3FBF-A332-379451A7D566}.Development|Win64.ActiveCfg = Development|Any CPU
		{EA12ACBE-5E84-3FBF-A332-379451A7D566}.Development|Win64.Build.0 = Development|Any CPU
		{EA12ACBE-5E84-3FBF-A332-379451A7D566}.Shipping|Win64.ActiveCfg = Development|Any CPU
		{EA12ACBE-5E84-3FBF-A332-379451A7D566}.Shipping|Win64.Build.0 = Development|Any CPU
	EndGlobalSection
	GlobalSection(SolutionProperties) = preSolution
		HideSolutionNode = FALSE
	EndGlobalSection
	GlobalSection(NestedProjects) = preSolution
		{0FD59804-4DA6-3F9C-9B94-9AC6C77F8B3B} = {233774A8-CC9D-3FA9-86D1-90573E92B704}
		{41149A93-AD8F-49F1-8267-60A131E857A1} = {DE1F8B53-6C02-3C13-9101-A7C8D96F3FF6}
		{D9899164-8E3A-328F-9E35-627A3797EAC7} = {A338B9E2-A559-34BE-A46D-F789DD488FAD}
		{511AF356-3FB5-3A6F-923F-F135C94B4377} = {A338B9E2-A559-34BE-A46D-F789DD488FAD}
		{0BFBE63A-B98A-3411-8EEB-8918FEC737B3} = {A338B9E2-A559-34BE-A46D-F789DD488FAD}
		{7B5CFB44-F0FB-31DF-AE62-C3C096A29A7B} = {A338B9E2-A559-34BE-A46D-F789DD488FAD}
		{57713676-9DBE-331C-AD10-26632AC9EE0C} = {A338B9E2-A559-34BE-A46D-F789DD488FAD}
		{D9365213-CB5D-3EF6-9E24-4FE9714B1E9C} = {0BFBE63A-B98A-3411-8EEB-8918FEC737B3}
		{9226744C-1BC1-30CD-88FB-3E3F4D244184} = {0BFBE63A-B98A-3411-8EEB-8918FEC737B3}
		{6E03C996-F862-3E1C-9939-8E687286E9F1} = {0BFBE63A-B98A-3411-8EEB-8918FEC737B3}
		{A22C509C-C47A-320F-B035-30126A058767} = {0BFBE63A-B98A-3411-8EEB-8918FEC737B3}
		{8DDE1AC4-D2DE-3C31-80B3-AEB02B9D1697} = {0BFBE63A-B98A-3411-8EEB-8918FEC737B3}
		{97490D21-E884-3B49-AB96-2AD9B9816EE0} = {0BFBE63A-B98A-3411-8EEB-8918FEC737B3}
		{DBCCE75D-885F-3EC4-BD20-2F9F0BFE3ECB} = {0BFBE63A-B98A-3411-8EEB-8918FEC737B3}
		{1C753C25-150A-3EBD-B9F4-ACCD2D614E44} = {0BFBE63A-B98A-3411-8EEB-8918FEC737B3}
		{2001CFFB-1F65-313D-81AC-0D4C1BAE6996} = {0BFBE63A-B98A-3411-8EEB-8918FEC737B3}
		{D8A5A0FE-A7D4-3DB6-925A-3EF2F9F57511} = {0BFBE63A-B98A-3411-8EEB-8918FEC737B3}
		{1C491EFA-3F2F-301C-B360-E22962ED1B69} = {0BFBE63A-B98A-3411-8EEB-8918FEC737B3}
		{FFA8A5BE-69E6-34B0-96B7-E8A448D71B5F} = {0BFBE63A-B98A-3411-8EEB-8918FEC737B3}
		{04C4B9DD-63FE-3257-8789-F2315E50CE95} = {0BFBE63A-B98A-3411-8EEB-8918FEC737B3}
		{E81782BA-37C3-3178-8C97-0A23E0B9EB29} = {0BFBE63A-B98A-3411-8EEB-8918FEC737B3}
		{2EE7A450-C5CC-34E0-883B-564D11B9A22E} = {0BFBE63A-B98A-3411-8EEB-8918FEC737B3}
		{407988EC-E037-3C78-BC96-CC311E9A6B36} = {0BFBE63A-B98A-3411-8EEB-8918FEC737B3}
		{5A247C5E-9640-3E9F-86AD-81A116D16478} = {0BFBE63A-B98A-3411-8EEB-8918FEC737B3}
		{D06E9674-EA76-3427-BE41-E6A04205633A} = {0BFBE63A-B98A-3411-8EEB-8918FEC737B3}
		{95521C5A-3B8D-3042-961E-30AE30DD1F84} = {0BFBE63A-B98A-3411-8EEB-8918FEC737B3}
		{971F175F-E745-3B51-994E-9851BC182C7E} = {0BFBE63A-B98A-3411-8EEB-8918FEC737B3}
		{3E08553D-F4F7-34DA-A0FD-8972B82068E4} = {7B5CFB44-F0FB-31DF-AE62-C3C096A29A7B}
		{985D9E83-17DC-3FDA-8E3D-67683E5F6E36} = {57713676-9DBE-331C-AD10-26632AC9EE0C}
		{4F041DA9-9D14-3D12-9ADD-5C99D5FE8A05} = {57713676-9DBE-331C-AD10-26632AC9EE0C}
		{94C1EB6D-840A-3FE0-A5B5-7B108390C3C3} = {57713676-9DBE-331C-AD10-26632AC9EE0C}
		{727CB0E5-A7FC-3868-A953-D37F80AC34CF} = {57713676-9DBE-331C-AD10-26632AC9EE0C}
		{3CE53F1D-8DF9-3EC0-8205-B88DE90A5B72} = {57713676-9DBE-331C-AD10-26632AC9EE0C}
		{4761AEAD-8E19-30EE-B03D-7D144A2F8EB5} = {57713676-9DBE-331C-AD10-26632AC9EE0C}
		{EF7422DA-804E-3786-92B1-26C08AE20253} = {57713676-9DBE-331C-AD10-26632AC9EE0C}
		{E4C9409E-36F4-3776-B16F-3CEBD6E6BDC7} = {57713676-9DBE-331C-AD10-26632AC9EE0C}
		{4A88A1A7-1969-3201-8EFE-B283E09D4F96} = {57713676-9DBE-331C-AD10-26632AC9EE0C}
		{668F99A2-A3EF-3EDB-891E-29F170785C8B} = {57713676-9DBE-331C-AD10-26632AC9EE0C}
		{2068D0A5-B4BC-3999-9D55-327FC4858032} = {57713676-9DBE-331C-AD10-26632AC9EE0C}
		{2FE2262B-6163-3A5A-88B4-37546B444CBD} = {57713676-9DBE-331C-AD10-26632AC9EE0C}
		{D9B65A58-9C9A-391B-A1FD-B1559101F329} = {57713676-9DBE-331C-AD10-26632AC9EE0C}
		{1CE2FB9B-589A-3ABB-9D7A-43331E7FF4F6} = {57713676-9DBE-331C-AD10-26632AC9EE0C}
		{52C3A50B-1712-358E-83FC-E30F1AE552E2} = {57713676-9DBE-331C-AD10-26632AC9EE0C}
		{BD21DE96-9132-3743-8A62-B08EE77B8D5C} = {57713676-9DBE-331C-AD10-26632AC9EE0C}
		{8EA8C55A-60D2-3808-A52A-700D5B733725} = {57713676-9DBE-331C-AD10-26632AC9EE0C}
		{A4C8576F-B96F-38E0-B01E-110EECE4858E} = {57713676-9DBE-331C-AD10-26632AC9EE0C}
		{41E04C85-6C68-36AB-A770-6C429DC98CAA} = {57713676-9DBE-331C-AD10-26632AC9EE0C}
		{5414AE74-C611-3C94-A6A6-22DACBB66CA6} = {57713676-9DBE-331C-AD10-26632AC9EE0C}
		{53B79E37-AA9F-3E6B-9F03-6F37CB692C6D} = {C2F57ECE-B26F-39D8-BDA7-C1D40BD8F180}
		{8D2F74AD-EA9C-3DA5-BE59-11AC7E13BCC7} = {C2F57ECE-B26F-39D8-BDA7-C1D40BD8F180}
		{EA12ACBE-5E84-3FBF-A332-379451A7D566} = {C2F57ECE-B26F-39D8-BDA7-C1D40BD8F180}
	EndGlobalSection
EndGlobal
